{
  "requires": true,
  "lockfileVersion": 1,
  "dependencies": {
    "debug": {
      "version": "0.1.0",
      "resolved": "http://registry.npm.taobao.org/debug/download/debug-0.1.0.tgz",
      "integrity": "sha1-MCbxl7mLgjy1EgnzdY6xSYpmRCw="
    },
    "xterm": {
      "version": "3.3.0",
      "resolved": "http://registry.npm.taobao.org/xterm/download/xterm-3.3.0.tgz",
      "integrity": "sha1-sJoZ/CzV3s0hES5cnasLYZkfbPM="
    }
  }
}
